
Microsoft Visual Studio Solution File, Format Version 12.00
# Visual Studio Version 17
VisualStudioVersion = 17.3.32922.545
MinimumVisualStudioVersion = 10.0.40219.1
Project("{FAE04EC0-301F-11D3-BF4B-00C04F79EFBC}") = "Power of 2", "Power of 2\Power of 2.csproj", "{E279F2CD-3341-40EB-9973-14FC78166ED2}"
EndProject
Global
	GlobalSection(SolutionConfigurationPlatforms) = preSolution
		Debug|Any CPU = Debug|Any CPU
		Release|Any CPU = Release|Any CPU
	EndGlobalSection
	GlobalSection(ProjectConfigurationPlatforms) = postSolution
		{E279F2CD-3341-40EB-9973-14FC78166ED2}.Debug|Any CPU.ActiveCfg = Debug|Any CPU
		{E279F2CD-3341-40EB-9973-14FC78166ED2}.Debug|Any CPU.Build.0 = Debug|Any CPU
		{E279F2CD-3341-40EB-9973-14FC78166ED2}.Release|Any CPU.ActiveCfg = Release|Any CPU
		{E279F2CD-3341-40EB-9973-14FC78166ED2}.Release|Any CPU.Build.0 = Release|Any CPU
	EndGlobalSection
	GlobalSection(SolutionProperties) = preSolution
		HideSolutionNode = FALSE
	EndGlobalSection
	GlobalSection(ExtensibilityGlobals) = postSolution
		SolutionGuid = {C4058167-0B5C-4814-8E58-696741E6A254}
	EndGlobalSection
EndGlobal
